
Microsoft Visual Studio Solution File, Format Version 12.00
# Visual Studio Version 16
VisualStudioVersion = 16.0.30320.27
MinimumVisualStudioVersion = 10.0.40219.1
Project("{9A19103F-16F7-4668-BE54-9A1E7A4F7556}") = "OnlyMe.Web", "OnlyMe.Web\OnlyMe.Web.csproj", "{4FC37513-A979-4D03-9FA0-2FDF865B3C6D}"
EndProject
Project("{9A19103F-16F7-4668-BE54-9A1E7A4F7556}") = "OnlyMe.API", "OnlyMe.API\OnlyMe.API.csproj", "{F32AFFE3-40AA-42C0-B60B-15ECBE97EA1B}"
EndProject
Project("{9A19103F-16F7-4668-BE54-9A1E7A4F7556}") = "OnlyMe.Repository", "OnlyMe.Repositories\OnlyMe.Repository.csproj", "{11FDE7B9-9FCB-4B68-89BC-12DBBC8BCE28}"
EndProject
Project("{9A19103F-16F7-4668-BE54-9A1E7A4F7556}") = "OnlyMe.DAL", "OnlyMe.DAL\OnlyMe.DAL.csproj", "{1CA16367-CDA3-431A-BA7A-CDBB4298A706}"
EndProject
Project("{9A19103F-16F7-4668-BE54-9A1E7A4F7556}") = "OnlyMe.Services", "OnlyMe.Services\OnlyMe.Services.csproj", "{41D7ED19-8A5A-4B7C-815B-52860A7D58E6}"
EndProject
Global
	GlobalSection(SolutionConfigurationPlatforms) = preSolution
		Debug|Any CPU = Debug|Any CPU
		Release|Any CPU = Release|Any CPU
	EndGlobalSection
	GlobalSection(ProjectConfigurationPlatforms) = postSolution
		{4FC37513-A979-4D03-9FA0-2FDF865B3C6D}.Debug|Any CPU.ActiveCfg = Debug|Any CPU
		{4FC37513-A979-4D03-9FA0-2FDF865B3C6D}.Debug|Any CPU.Build.0 = Debug|Any CPU
		{4FC37513-A979-4D03-9FA0-2FDF865B3C6D}.Release|Any CPU.ActiveCfg = Release|Any CPU
		{4FC37513-A979-4D03-9FA0-2FDF865B3C6D}.Release|Any CPU.Build.0 = Release|Any CPU
		{F32AFFE3-40AA-42C0-B60B-15ECBE97EA1B}.Debug|Any CPU.ActiveCfg = Debug|Any CPU
		{F32AFFE3-40AA-42C0-B60B-15ECBE97EA1B}.Debug|Any CPU.Build.0 = Debug|Any CPU
		{F32AFFE3-40AA-42C0-B60B-15ECBE97EA1B}.Release|Any CPU.ActiveCfg = Release|Any CPU
		{F32AFFE3-40AA-42C0-B60B-15ECBE97EA1B}.Release|Any CPU.Build.0 = Release|Any CPU
		{11FDE7B9-9FCB-4B68-89BC-12DBBC8BCE28}.Debug|Any CPU.ActiveCfg = Debug|Any CPU
		{11FDE7B9-9FCB-4B68-89BC-12DBBC8BCE28}.Debug|Any CPU.Build.0 = Debug|Any CPU
		{11FDE7B9-9FCB-4B68-89BC-12DBBC8BCE28}.Release|Any CPU.ActiveCfg = Release|Any CPU
		{11FDE7B9-9FCB-4B68-89BC-12DBBC8BCE28}.Release|Any CPU.Build.0 = Release|Any CPU
		{1CA16367-CDA3-431A-BA7A-CDBB4298A706}.Debug|Any CPU.ActiveCfg = Debug|Any CPU
		{1CA16367-CDA3-431A-BA7A-CDBB4298A706}.Debug|Any CPU.Build.0 = Debug|Any CPU
		{1CA16367-CDA3-431A-BA7A-CDBB4298A706}.Release|Any CPU.ActiveCfg = Release|Any CPU
		{1CA16367-CDA3-431A-BA7A-CDBB4298A706}.Release|Any CPU.Build.0 = Release|Any CPU
		{41D7ED19-8A5A-4B7C-815B-52860A7D58E6}.Debug|Any CPU.ActiveCfg = Debug|Any CPU
		{41D7ED19-8A5A-4B7C-815B-52860A7D58E6}.Debug|Any CPU.Build.0 = Debug|Any CPU
		{41D7ED19-8A5A-4B7C-815B-52860A7D58E6}.Release|Any CPU.ActiveCfg = Release|Any CPU
		{41D7ED19-8A5A-4B7C-815B-52860A7D58E6}.Release|Any CPU.Build.0 = Release|Any CPU
	EndGlobalSection
	GlobalSection(SolutionProperties) = preSolution
		HideSolutionNode = FALSE
	EndGlobalSection
	GlobalSection(ExtensibilityGlobals) = postSolution
		SolutionGuid = {0E9D8DD6-72C4-4F06-A95A-98BF11F2759F}
	EndGlobalSection
EndGlobal
